
Microsoft Visual Studio Solution File, Format Version 12.00
# Visual Studio Version 17
VisualStudioVersion = 17.3.32922.545
MinimumVisualStudioVersion = 10.0.40219.1
Project("{FAE04EC0-301F-11D3-BF4B-00C04F79EFBC}") = "CleanScheduler.WebApp", "CleanScheduler.WebApp.csproj", "{B902B6EF-94DA-4E5E-AEA4-C95CA61293A3}"
EndProject
Global
	GlobalSection(SolutionConfigurationPlatforms) = preSolution
		Debug|Any CPU = Debug|Any CPU
		Release|Any CPU = Release|Any CPU
	EndGlobalSection
	GlobalSection(ProjectConfigurationPlatforms) = postSolution
		{B902B6EF-94DA-4E5E-AEA4-C95CA61293A3}.Debug|Any CPU.ActiveCfg = Debug|Any CPU
		{B902B6EF-94DA-4E5E-AEA4-C95CA61293A3}.Debug|Any CPU.Build.0 = Debug|Any CPU
		{B902B6EF-94DA-4E5E-AEA4-C95CA61293A3}.Release|Any CPU.ActiveCfg = Release|Any CPU
		{B902B6EF-94DA-4E5E-AEA4-C95CA61293A3}.Release|Any CPU.Build.0 = Release|Any CPU
	EndGlobalSection
	GlobalSection(SolutionProperties) = preSolution
		HideSolutionNode = FALSE
	EndGlobalSection
	GlobalSection(ExtensibilityGlobals) = postSolution
		SolutionGuid = {8B28F1C6-19AC-495E-848C-92EBEB6BD06D}
	EndGlobalSection
EndGlobal
